{
  "name": "mobilebcoin",
  "version": "1.0.0",
  "lockfileVersion": 1,
  "requires": true,
  "dependencies": {
    "bfile": {
      "version": "0.1.4",
      "resolved": "https://registry.npmjs.org/bfile/-/bfile-0.1.4.tgz",
      "integrity": "sha512-pqeG3lJbWAlYlphNzMQA/VeUNGaq7Zopvzl8hbYXzIXLIFdPqC2h2hCbZHzRlLnnaUfipmuqwWYr3qbulbuu6Q=="
    },
    "bsert": {
      "version": "0.0.8",
      "resolved": "https://registry.npmjs.org/bsert/-/bsert-0.0.8.tgz",
      "integrity": "sha512-MzSxGNGymvJ2wAJ0lrC2cT+Irq2q+EMz5ijt8qXIxt02VoO+ZFWPNrmzNHGq6F8RJnIzzRmKz8mv1/j2xU1TQg=="
    },
    "bsock": {
      "version": "0.1.5",
      "resolved": "https://registry.npmjs.org/bsock/-/bsock-0.1.5.tgz",
      "integrity": "sha512-Q41VI1jX3hVbv8NBz+/HCvJXEN2/WVeXUJzooLE69LmVdsdwbN77v0pd5Efvz5+JNASV8iESfxitvdx/uknfNQ==",
      "requires": {
        "bsert": "~0.0.8"
      }
    },
    "bval": {
      "version": "0.1.5",
      "resolved": "https://registry.npmjs.org/bval/-/bval-0.1.5.tgz",
      "integrity": "sha512-PN7Ps7MHrFk7H1cT/mvRsa8J3bx1MrApxDXZx3kee4hCjDns2v89rWO8wnuEcLEVZvNqayjKm6ATia9FRtd2aw==",
      "requires": {
        "bsert": "~0.0.8"
      }
    },
    "bweb": {
      "version": "0.1.7",
      "resolved": "https://registry.npmjs.org/bweb/-/bweb-0.1.7.tgz",
      "integrity": "sha512-mvjXvyvbe3TPQ5AW0K4kgfAMgkyCj3/JhTzl5+pJsOv+SvdXNeJsafruVubfj28PTXfVD08SH9EEuKrtsUYCHA==",
      "requires": {
        "bsert": "~0.0.8",
        "bsock": "~0.1.5"
      }
    }
  }
}
